# This file is autogenerated, do not edit; changes may be undone by the next 'dep ensure'.


[[projects]]
  name = "github.com/beevik/etree"
  packages = ["."]
  revision = "8aee6516be3b1163bb6450c35c50e4969e3a3aa8"
  version = "v1.1.0"

[[projects]]
  name = "github.com/bitrise-io/bitrise"
  packages = ["models"]
  revision = "f7458dd6a6c5612fd3e92ab021fb7f18a7d0abc4"
  version = "1.31.0"

[[projects]]
  name = "github.com/bitrise-io/bitrise-init"
  packages = [
    "models",
    "output",
    "scanner",
    "scanners",
    "scanners/android",
    "scanners/cordova",
    "scanners/fastlane",
    "scanners/flutter",
    "scanners/ionic",
    "scanners/ios",
    "scanners/macos",
    "scanners/reactnative",
    "scanners/xamarin",
    "steps",
    "toolscanner",
    "utility"
  ]
  revision = "897d749bb1bcdfb1c84f53f81462aa9bfcb743e8"
  version = "2.2.0"

[[projects]]
  name = "github.com/bitrise-io/envman"
  packages = ["models"]
  revision = "eb2e53257e527de59351cec1ecdffb50dadd5a07"
  version = "2.2.4"

[[projects]]
  branch = "master"
  name = "github.com/bitrise-io/go-steputils"
  packages = ["stepconf"]
  revision = "cecc766da84859e37e780d9d1c416f0f3993e6b1"

[[projects]]
  branch = "master"
  name = "github.com/bitrise-io/go-utils"
  packages = [
    "colorstring",
    "command",
    "command/rubyscript",
    "errorutil",
    "fileutil",
    "log",
    "parseutil",
    "pathutil",
    "pointers",
    "retry",
    "sliceutil"
  ]
  revision = "7a4402b387ebcdf3e2a0aa3b18d4c8636768f9a0"

[[projects]]
  branch = "master"
  name = "github.com/bitrise-io/go-xcode"
  packages = [
    "plistutil",
    "xcodeproj"
  ]
  revision = "c1544b4453f2869335f71fb53c0360bdb91d01b4"

[[projects]]
  branch = "master"
  name = "github.com/bitrise-io/goinp"
  packages = ["goinp"]
  revision = "bd18a8681e272db4696c50152b288f722d08b914"

[[projects]]
  name = "github.com/bitrise-io/stepman"
  packages = ["models"]
  revision = "af0e468635253eaf3a66dca748af4a5966d161b1"
  version = "0.11.6"

[[projects]]
  branch = "master"
  name = "github.com/bitrise-io/xcode-project"
  packages = [
    "serialized",
    "xcodebuild",
    "xcodeproj",
    "xcscheme",
    "xcworkspace"
  ]
  revision = "5929ad85d89233b3296d2d795e068a656db7fb25"

[[projects]]
  name = "github.com/pkg/errors"
  packages = ["."]
  revision = "ba968bfe8b2f7e042a574c888954fccecfa385b4"
  version = "v0.8.1"

[[projects]]
  name = "github.com/ryanuber/go-glob"
  packages = ["."]
  revision = "51a8f68e6c24dc43f1e371749c89a267de4ebc53"
  version = "v1.0.0"

[[projects]]
  branch = "master"
  name = "golang.org/x/crypto"
  packages = ["ssh/terminal"]
  revision = "57b3e21c3d5606066a87e63cfe07ec6b9f0db000"

[[projects]]
  branch = "master"
  name = "golang.org/x/sys"
  packages = [
    "unix",
    "windows"
  ]
  revision = "15dcb6c0061f497a3f66e3ea034b629c6dd4d99e"

[[projects]]
  name = "golang.org/x/text"
  packages = [
    "internal/gen",
    "internal/triegen",
    "internal/ucd",
    "transform",
    "unicode/cldr",
    "unicode/norm"
  ]
  revision = "342b2e1fbaa52c93f31447ad2c6abc048c63e475"
  version = "v0.3.2"

[[projects]]
  name = "gopkg.in/yaml.v2"
  packages = ["."]
  revision = "51d6538a90f86fe93ac480b35f37b2be17fef232"
  version = "v2.2.2"

[[projects]]
  branch = "master"
  name = "howett.net/plist"
  packages = ["."]
  revision = "591f970eefbbeb04d7b37f334a0c4c3256e32876"

[solve-meta]
  analyzer-name = "dep"
  analyzer-version = 1
  inputs-digest = "7c43ffb8799718164cba88d70edfc3949b999c8afc7f6caaa49415e1d6d5322e"
  solver-name = "gps-cdcl"
  solver-version = 1
