# This file is autogenerated, do not edit; changes may be undone by the next 'dep ensure'.


[[projects]]
  digest = "1:bd8bc15ce3a9929e2777651cbc271fca5561c0d5f42187edb4720e638d24662d"
  name = "github.com/beevik/etree"
  packages = ["."]
  pruneopts = "UT"
  revision = "8aee6516be3b1163bb6450c35c50e4969e3a3aa8"
  version = "v1.1.0"

[[projects]]
  digest = "1:f006631e21e1ebecc5bd025f272197c6d1ee0102bc46006cf2e527b57be5e884"
  name = "github.com/bitrise-io/bitrise"
  packages = ["models"]
  pruneopts = "UT"
  revision = "f7458dd6a6c5612fd3e92ab021fb7f18a7d0abc4"
  version = "1.31.0"

[[projects]]
  branch = "master"
  digest = "1:febc59d81035456ab0f59326c19592a8243426251b0ae971789464a759cca034"
  name = "github.com/bitrise-io/bitrise-init"
  packages = [
    "models",
    "output",
    "scanner",
    "scanners",
    "scanners/android",
    "scanners/cordova",
    "scanners/fastlane",
    "scanners/flutter",
    "scanners/ionic",
    "scanners/ios",
    "scanners/macos",
    "scanners/reactnative",
    "scanners/xamarin",
    "steps",
    "toolscanner",
    "utility",
  ]
  pruneopts = "UT"
  revision = "5e5a1e65bdd4296c63f6b2067c2571b58f0b7cb9"

[[projects]]
  branch = "master"
  digest = "1:4e1c0cc22c53c5ebda9bd380afd5b56a2f1fc9e6fd2eed59ab8ba0c1522eee19"
  name = "github.com/bitrise-io/envman"
  packages = ["models"]
  pruneopts = "UT"
  revision = "24a8f72875981710a8b21e60d81c4126a3af3c67"

[[projects]]
  branch = "master"
  digest = "1:caf5b6526ab478df1debb4048cc99489d3954975457c4ba63441f489c9053ea2"
  name = "github.com/bitrise-io/go-steputils"
  packages = ["stepconf"]
  pruneopts = "UT"
  revision = "94490ca44ddb645764676a94988f6fc7e3187383"

[[projects]]
  branch = "master"
  digest = "1:4acf804bc264b728f55ee404c2bbdab491f06cb44cd24cc43454bafc77478504"
  name = "github.com/bitrise-io/go-utils"
  packages = [
    "colorstring",
    "command",
    "command/rubyscript",
    "errorutil",
    "fileutil",
    "log",
    "parseutil",
    "pathutil",
    "pointers",
    "retry",
    "sliceutil",
  ]
  pruneopts = "UT"
  revision = "e212188d99b41373b4ff8b69e7b1f677bc427bde"

[[projects]]
  branch = "master"
  digest = "1:3060b1a20d5eccc02b4dcf61127258fb3ca0070b3386d4326907417164a9bcdd"
  name = "github.com/bitrise-io/go-xcode"
  packages = [
    "plistutil",
    "xcodeproj",
  ]
  pruneopts = "UT"
  revision = "95bf1e5fb205f81972e2450d227fa80748a5b322"

[[projects]]
  branch = "master"
  digest = "1:980e760f25b82cb4ffe32b146956029f1f5c8bea3c39f9f973cc023d4ae965b1"
  name = "github.com/bitrise-io/goinp"
  packages = ["goinp"]
  pruneopts = "UT"
  revision = "bd18a8681e272db4696c50152b288f722d08b914"

[[projects]]
  branch = "master"
  digest = "1:b1346ca132021ca4f0c38b546de5d579ccf406eede745c2f147b35e8c04ad997"
  name = "github.com/bitrise-io/stepman"
  packages = ["models"]
  pruneopts = "UT"
  revision = "32658664414b6aee27ea23d6848026a2fb0b490e"

[[projects]]
  branch = "master"
  digest = "1:3e2d36418c26192b2f8ded09695761293bb10d1f1e94ffb5a92e21f703bfed3d"
  name = "github.com/bitrise-io/xcode-project"
  packages = [
    "pretty",
    "serialized",
    "xcodebuild",
    "xcodeproj",
    "xcscheme",
    "xcworkspace",
  ]
  pruneopts = "UT"
  revision = "389cf29e41c71dc02c83959c6fac72e8d476766a"

[[projects]]
  digest = "1:cf31692c14422fa27c83a05292eb5cbe0fb2775972e8f1f8446a71549bd8980b"
  name = "github.com/pkg/errors"
  packages = ["."]
  pruneopts = "UT"
  revision = "ba968bfe8b2f7e042a574c888954fccecfa385b4"
  version = "v0.8.1"

[[projects]]
  branch = "master"
  digest = "1:6baa565fe16f8657cf93469b2b8a6c61a277827734400d27e44d589547297279"
  name = "github.com/ryanuber/go-glob"
  packages = ["."]
  pruneopts = "UT"
  revision = "51a8f68e6c24dc43f1e371749c89a267de4ebc53"

[[projects]]
  branch = "master"
  digest = "1:c381e2867d447cca3e74dbfb0c8ed371a4583c694b35838c5c642a2b79480fc6"
  name = "golang.org/x/crypto"
  packages = ["ssh/terminal"]
  pruneopts = "UT"
  revision = "3c4aac89819a5fdc28d906456729d3423fd46969"

[[projects]]
  branch = "master"
  digest = "1:968aac203feaa75d5e4c758550abcd9523dd736e5e3c2892e94feb9006e4fb36"
  name = "golang.org/x/sys"
  packages = [
    "unix",
    "windows",
  ]
  pruneopts = "UT"
  revision = "1957bb5e6d1f523308b49060df02171d06ddfc77"

[[projects]]
  digest = "1:1093f2eb4b344996604f7d8b29a16c5b22ab9e1b25652140d3fede39f640d5cd"
  name = "golang.org/x/text"
  packages = [
    "internal/gen",
    "internal/triegen",
    "internal/ucd",
    "transform",
    "unicode/cldr",
    "unicode/norm",
  ]
  pruneopts = "UT"
  revision = "342b2e1fbaa52c93f31447ad2c6abc048c63e475"
  version = "v0.3.2"

[[projects]]
  digest = "1:55b110c99c5fdc4f14930747326acce56b52cfce60b24b1c03ef686ac0e46bb1"
  name = "gopkg.in/yaml.v2"
  packages = ["."]
  pruneopts = "UT"
  revision = "53403b58ad1b561927d19068c655246f2db79d48"
  version = "v2.2.8"

[[projects]]
  branch = "master"
  digest = "1:b5ead2120cd278858a83be14ef551f54295da350033dbc3f227fe0298b880256"
  name = "howett.net/plist"
  packages = ["."]
  pruneopts = "UT"
  revision = "3b63eb3a43b59c776909681ed1fcb412b47d3c9a"

[solve-meta]
  analyzer-name = "dep"
  analyzer-version = 1
  input-imports = [
    "github.com/bitrise-io/bitrise-init/models",
    "github.com/bitrise-io/bitrise-init/scanner",
    "github.com/bitrise-io/go-steputils/stepconf",
    "github.com/bitrise-io/go-utils/command",
    "github.com/bitrise-io/go-utils/log",
    "github.com/bitrise-io/go-utils/pathutil",
    "github.com/bitrise-io/go-utils/retry",
  ]
  solver-name = "gps-cdcl"
  solver-version = 1
