# This file is autogenerated, do not edit; changes may be undone by the next 'dep ensure'.


[[projects]]
  branch = "master"
  digest = "1:cabe9ec8289704e71e45138c18ad90275bce25a8d61145c4130b55d9d9a6d6dc"
  name = "github.com/Sirupsen/logrus"
  packages = ["."]
  pruneopts = "UT"
  revision = "9b3cdde74fbe9443d704467498a7dcb61a79de9b"

[[projects]]
  branch = "master"
  digest = "1:59664077e5eba703425d438e1c9d6f4aeaaf485814cedcae5d9c05cd093f0664"
  name = "github.com/bitrise-io/bitrise"
  packages = ["models"]
  pruneopts = "UT"
  revision = "a7523d99944aaf56c644dec41f374f746db9a453"

[[projects]]
  branch = "master"
  digest = "1:4e1c0cc22c53c5ebda9bd380afd5b56a2f1fc9e6fd2eed59ab8ba0c1522eee19"
  name = "github.com/bitrise-io/envman"
  packages = ["models"]
  pruneopts = "UT"
  revision = "dce389aa0508c35e26577e66970433e9e6750c14"

[[projects]]
  branch = "master"
  digest = "1:6ff15f23762c225970c8624e1ef1b6a8861aa5d1ef4f10702ea158bf24d3ce4a"
  name = "github.com/bitrise-io/go-utils"
  packages = [
    "colorstring",
    "command",
    "command/git",
    "command/rubyscript",
    "errorutil",
    "fileutil",
    "log",
    "parseutil",
    "pathutil",
    "pointers",
    "sliceutil",
  ]
  pruneopts = "UT"
  revision = "2a09aab8380d7842750328aebd5671bcccea89c8"

[[projects]]
  branch = "master"
  digest = "1:3060b1a20d5eccc02b4dcf61127258fb3ca0070b3386d4326907417164a9bcdd"
  name = "github.com/bitrise-io/go-xcode"
  packages = [
    "plistutil",
    "xcodeproj",
  ]
  pruneopts = "UT"
  revision = "04a02fcd3c06c698d47ce4e27dbe105d6ea8eadc"

[[projects]]
  branch = "master"
  digest = "1:f9749f95e34724e0bfb71a3bf0fa00e0e303d42f1de172bf134f013fa1e9dbb7"
  name = "github.com/bitrise-io/goinp"
  packages = ["goinp"]
  pruneopts = "UT"
  revision = "f451b19ba4d087d8272d411ad91af5f4218fd517"

[[projects]]
  branch = "master"
  digest = "1:a31f5ffeb3ba940633762768571321abb47b57bc48c0551fc0e3d7aff3564770"
  name = "github.com/bitrise-io/stepman"
  packages = ["models"]
  pruneopts = "UT"
  revision = "8cd3398fab6c211eef53502b65ec7ad5510f556a"

[[projects]]
  branch = "master"
  digest = "1:791ce0f7d09a4c628614a5e3d097589406e8870f03bfa0db199b2d80cd2fb670"
  name = "github.com/bitrise-io/xcode-project"
  packages = [
    "serialized",
    "xcodebuild",
    "xcodeproj",
    "xcscheme",
    "xcworkspace",
  ]
  pruneopts = "UT"
  revision = "b724e9a2dda0585b6ceb6dbf9eb84ddbbf135335"

[[projects]]
  digest = "1:ffe9824d294da03b391f44e1ae8281281b4afc1bdaa9588c9097785e3af10cec"
  name = "github.com/davecgh/go-spew"
  packages = ["spew"]
  pruneopts = "UT"
  revision = "8991bc29aa16c548c550c7ff78260e27b9ab7c73"
  version = "v1.1.1"

[[projects]]
  branch = "master"
  digest = "1:bf40199583e5143d1472fc34d10d6f4b69d97572142acf343b3e43136da40823"
  name = "github.com/google/go-cmp"
  packages = [
    "cmp",
    "cmp/internal/diff",
    "cmp/internal/flags",
    "cmp/internal/function",
    "cmp/internal/value",
  ]
  pruneopts = "UT"
  revision = "6f77996f0c42f7b84e5a2b252227263f93432e9b"

[[projects]]
  digest = "1:31e761d97c76151dde79e9d28964a812c46efc5baee4085b86f68f0c654450de"
  name = "github.com/konsorten/go-windows-terminal-sequences"
  packages = ["."]
  pruneopts = "UT"
  revision = "f55edac94c9bbba5d6182a4be46d86a2c9b5b50e"
  version = "v1.0.2"

[[projects]]
  digest = "1:cf31692c14422fa27c83a05292eb5cbe0fb2775972e8f1f8446a71549bd8980b"
  name = "github.com/pkg/errors"
  packages = ["."]
  pruneopts = "UT"
  revision = "ba968bfe8b2f7e042a574c888954fccecfa385b4"
  version = "v0.8.1"

[[projects]]
  digest = "1:0028cb19b2e4c3112225cd871870f2d9cf49b9b4276531f03438a88e94be86fe"
  name = "github.com/pmezard/go-difflib"
  packages = ["difflib"]
  pruneopts = "UT"
  revision = "792786c7400a136282c1664665ae0a8db921c6c2"
  version = "v1.0.0"

[[projects]]
  branch = "master"
  digest = "1:6baa565fe16f8657cf93469b2b8a6c61a277827734400d27e44d589547297279"
  name = "github.com/ryanuber/go-glob"
  packages = ["."]
  pruneopts = "UT"
  revision = "51a8f68e6c24dc43f1e371749c89a267de4ebc53"

[[projects]]
  branch = "master"
  digest = "1:45511ffd176fe0c5ab6cb08cdd141f3217df8e115124b176e894ab103925d53c"
  name = "github.com/stretchr/testify"
  packages = [
    "assert",
    "require",
  ]
  pruneopts = "UT"
  revision = "34c6fa2dc70986bccbbffcc6130f6920a924b075"

[[projects]]
  branch = "master"
  digest = "1:8286f653bf8b8fd155a0c9c3b9ee3dbc2a95b1b51f7a1dc11fe2c66018454a0c"
  name = "github.com/urfave/cli"
  packages = ["."]
  pruneopts = "UT"
  revision = "693af58b4d51b8fcc7f9d89576da170765980581"

[[projects]]
  branch = "master"
  digest = "1:28d862f4f9bf2d1976d1d320481bff661b7565eb876d4df2a981f79e7f40e4cd"
  name = "golang.org/x/sys"
  packages = ["unix"]
  pruneopts = "UT"
  revision = "12500544f89f9420afe9529ba8940bf72d294972"

[[projects]]
  digest = "1:8029e9743749d4be5bc9f7d42ea1659471767860f0cdc34d37c3111bd308a295"
  name = "golang.org/x/text"
  packages = [
    "internal/gen",
    "internal/triegen",
    "internal/ucd",
    "transform",
    "unicode/cldr",
    "unicode/norm",
  ]
  pruneopts = "UT"
  revision = "f21a4dfb5e38f5895301dc265a8def02365cc3d0"
  version = "v0.3.0"

[[projects]]
  branch = "v2"
  digest = "1:2d56cd111a870bdf3ee37601877effe1fc79b8983645c147846f4769b6eb7051"
  name = "gopkg.in/yaml.v2"
  packages = ["."]
  pruneopts = "UT"
  revision = "7b8349ac747c6a24702b762d2c4fd9266cf4f1d6"

[[projects]]
  branch = "master"
  digest = "1:c10265d5a71326618d37e97169eddb3582f78e8ac7dcf87403b4cf619efd519a"
  name = "howett.net/plist"
  packages = ["."]
  pruneopts = "UT"
  revision = "591f970eefbbeb04d7b37f334a0c4c3256e32876"

[solve-meta]
  analyzer-name = "dep"
  analyzer-version = 1
  input-imports = [
    "github.com/Sirupsen/logrus",
    "github.com/bitrise-io/bitrise/models",
    "github.com/bitrise-io/envman/models",
    "github.com/bitrise-io/go-utils/colorstring",
    "github.com/bitrise-io/go-utils/command",
    "github.com/bitrise-io/go-utils/command/git",
    "github.com/bitrise-io/go-utils/errorutil",
    "github.com/bitrise-io/go-utils/fileutil",
    "github.com/bitrise-io/go-utils/log",
    "github.com/bitrise-io/go-utils/pathutil",
    "github.com/bitrise-io/go-utils/pointers",
    "github.com/bitrise-io/go-utils/sliceutil",
    "github.com/bitrise-io/go-xcode/xcodeproj",
    "github.com/bitrise-io/goinp/goinp",
    "github.com/bitrise-io/stepman/models",
    "github.com/bitrise-io/xcode-project/serialized",
    "github.com/bitrise-io/xcode-project/xcworkspace",
    "github.com/google/go-cmp/cmp",
    "github.com/stretchr/testify/require",
    "github.com/urfave/cli",
    "gopkg.in/yaml.v2",
  ]
  solver-name = "gps-cdcl"
  solver-version = 1
