# This file is autogenerated, do not edit; changes may be undone by the next 'dep ensure'.


[[projects]]
  name = "github.com/Sirupsen/logrus"
  packages = ["."]
  revision = "d682213848ed68c0a260ca37d6dd5ace8423f5ba"
  version = "v1.0.4"

[[projects]]
  branch = "master"
  name = "github.com/bitrise-io/bitrise"
  packages = ["models"]
  revision = "c593bcaf0c7ef71b0a6c99896475c31d13af922a"

[[projects]]
  name = "github.com/bitrise-io/envman"
  packages = ["models"]
  revision = "455072a756cf80ab469ecfbcfd8c1dd614585cfc"
  version = "1.1.8"

[[projects]]
  branch = "master"
  name = "github.com/bitrise-io/go-utils"
  packages = ["colorstring","command","command/git","command/rubyscript","errorutil","fileutil","log","parseutil","pathutil","pointers","sliceutil"]
  revision = "e2d40cad7992353c1f14cc24c86638d9e164bf52"

[[projects]]
  branch = "master"
  name = "github.com/bitrise-io/goinp"
  packages = ["goinp"]
  revision = "f451b19ba4d087d8272d411ad91af5f4218fd517"

[[projects]]
  branch = "master"
  name = "github.com/bitrise-io/stepman"
  packages = ["models"]
  revision = "0bd88cfa5b4c5b54d38a388b4daaaf22f4780904"

[[projects]]
  branch = "master"
  name = "github.com/bitrise-tools/go-xcode"
  packages = ["plistutil","xcodeproj"]
  revision = "c23fa74e7b04374fbff484fd12ba87cf64cd89e1"

[[projects]]
  name = "github.com/davecgh/go-spew"
  packages = ["spew"]
  revision = "346938d642f2ec3594ed81d874461961cd0faa76"
  version = "v1.1.0"

[[projects]]
  name = "github.com/pkg/errors"
  packages = ["."]
  revision = "645ef00459ed84a119197bfb8d8205042c6df63d"
  version = "v0.8.0"

[[projects]]
  name = "github.com/pmezard/go-difflib"
  packages = ["difflib"]
  revision = "792786c7400a136282c1664665ae0a8db921c6c2"
  version = "v1.0.0"

[[projects]]
  branch = "master"
  name = "github.com/ryanuber/go-glob"
  packages = ["."]
  revision = "256dc444b735e061061cf46c809487313d5b0065"

[[projects]]
  branch = "master"
  name = "github.com/stretchr/testify"
  packages = ["assert","require"]
  revision = "2aa2c176b9dab406a6970f6a55f513e8a8c8b18f"

[[projects]]
  branch = "master"
  name = "github.com/urfave/cli"
  packages = ["."]
  revision = "119bb6564841921ce6f1401e0f5d75317bdd9f4d"

[[projects]]
  branch = "master"
  name = "golang.org/x/crypto"
  packages = ["ssh/terminal"]
  revision = "94eea52f7b742c7cbe0b03b22f0c4c8631ece122"

[[projects]]
  branch = "master"
  name = "golang.org/x/sys"
  packages = ["unix","windows"]
  revision = "a0f4589a76f1f83070cb9e5613809e1d07b97c13"

[[projects]]
  branch = "v2"
  name = "gopkg.in/yaml.v2"
  packages = ["."]
  revision = "287cf08546ab5e7e37d55a84f7ed3fd1db036de5"

[[projects]]
  branch = "master"
  name = "howett.net/plist"
  packages = ["."]
  revision = "233df3c4f07b0c562da0e8a6fb850681ac49bb90"

[solve-meta]
  analyzer-name = "dep"
  analyzer-version = 1
  inputs-digest = "d393927ce09aa48bc91362db0094dca09c26f87016f9e4426163f1e18735fdfc"
  solver-name = "gps-cdcl"
  solver-version = 1
