# This file is autogenerated, do not edit; changes may be undone by the next 'dep ensure'.


[[projects]]
  branch = "master"
  name = "github.com/Sirupsen/logrus"
  packages = ["."]
  revision = "0dad3b6953e73d351ec8ebfd8a8c6b088d320381"

[[projects]]
  name = "github.com/bitrise-io/bitrise"
  packages = ["models"]
  revision = "ffd2f116ff7d2846613a8f01479f68ef05ee62da"
  version = "1.16.1"

[[projects]]
  name = "github.com/bitrise-io/envman"
  packages = ["models"]
  revision = "e607e3cb53ff51fe591f33739a36ea05356bf06c"
  version = "1.1.13"

[[projects]]
  branch = "master"
  name = "github.com/bitrise-io/go-utils"
  packages = [
    "colorstring",
    "command",
    "command/git",
    "command/rubyscript",
    "errorutil",
    "fileutil",
    "log",
    "parseutil",
    "pathutil",
    "pointers",
    "retry",
    "sliceutil",
    "ziputil"
  ]
  revision = "d1de0dbcb811588e61362aff67bb700b93c13c17"

[[projects]]
  branch = "master"
  name = "github.com/bitrise-io/goinp"
  packages = ["goinp"]
  revision = "f451b19ba4d087d8272d411ad91af5f4218fd517"

[[projects]]
  name = "github.com/bitrise-io/stepman"
  packages = ["models"]
  revision = "b6cfe51c9e0bf5d7eab8ef048bf7b3d6174ae3f8"
  version = "0.9.42"

[[projects]]
  branch = "master"
  name = "github.com/bitrise-steplib/steps-install-missing-android-tools"
  packages = ["androidcomponents"]
  revision = "59511231d49f9ba328fc4a512f0ba36e189b8989"

[[projects]]
  branch = "master"
  name = "github.com/bitrise-tools/go-android"
  packages = [
    "gradle",
    "sdk",
    "sdkcomponent",
    "sdkmanager"
  ]
  revision = "5e32d58739d3376ecd9e74fc1eee44c0f00984e5"

[[projects]]
  branch = "master"
  name = "github.com/bitrise-tools/go-xcode"
  packages = [
    "plistutil",
    "xcodeproj"
  ]
  revision = "2ebe49789dd410cae7f6dc54f0d2f5893e4fd1a0"

[[projects]]
  name = "github.com/davecgh/go-spew"
  packages = ["spew"]
  revision = "346938d642f2ec3594ed81d874461961cd0faa76"
  version = "v1.1.0"

[[projects]]
  branch = "master"
  name = "github.com/hashicorp/go-version"
  packages = ["."]
  revision = "23480c0665776210b5fbbac6eaaee40e3e6a96b7"

[[projects]]
  name = "github.com/pkg/errors"
  packages = ["."]
  revision = "645ef00459ed84a119197bfb8d8205042c6df63d"
  version = "v0.8.0"

[[projects]]
  name = "github.com/pmezard/go-difflib"
  packages = ["difflib"]
  revision = "792786c7400a136282c1664665ae0a8db921c6c2"
  version = "v1.0.0"

[[projects]]
  branch = "master"
  name = "github.com/ryanuber/go-glob"
  packages = ["."]
  revision = "256dc444b735e061061cf46c809487313d5b0065"

[[projects]]
  branch = "master"
  name = "github.com/stretchr/testify"
  packages = [
    "assert",
    "require"
  ]
  revision = "c679ae2cc0cb27ec3293fea7e254e47386f05d69"

[[projects]]
  branch = "master"
  name = "github.com/urfave/cli"
  packages = ["."]
  revision = "8e01ec4cd3e2d84ab2fe90d8210528ffbb06d8ff"

[[projects]]
  branch = "master"
  name = "golang.org/x/crypto"
  packages = ["ssh/terminal"]
  revision = "1a580b3eff7814fc9b40602fd35256c63b50f491"

[[projects]]
  branch = "master"
  name = "golang.org/x/sys"
  packages = [
    "unix",
    "windows"
  ]
  revision = "7c87d13f8e835d2fb3a70a2912c811ed0c1d241b"

[[projects]]
  name = "gopkg.in/yaml.v2"
  packages = ["."]
  revision = "5420a8b6744d3b0345ab293f6fcba19c978f1183"
  version = "v2.2.1"

[[projects]]
  branch = "master"
  name = "howett.net/plist"
  packages = ["."]
  revision = "3bf914ef8f3a8bec3df2721a531d3a693c0a3db9"

[solve-meta]
  analyzer-name = "dep"
  analyzer-version = 1
  inputs-digest = "4c0fc80aa15da33393cc54d607511abdbfff1932ab7d7322c694616b0aa081b5"
  solver-name = "gps-cdcl"
  solver-version = 1
