# This file is autogenerated, do not edit; changes may be undone by the next 'dep ensure'.


[[projects]]
  name = "github.com/Sirupsen/logrus"
  packages = ["."]
  revision = "f006c2ac4710855cf0f916dd6b77acf6b048dc6e"
  version = "v1.0.3"

[[projects]]
  name = "github.com/bitrise-io/bitrise"
  packages = ["models"]
  revision = "798c1c75ba4e525eb99fbe6fc17029ddaf2b3e7c"
  version = "1.10.0"

[[projects]]
  name = "github.com/bitrise-io/envman"
  packages = ["models"]
  revision = "455072a756cf80ab469ecfbcfd8c1dd614585cfc"
  version = "1.1.8"

[[projects]]
  branch = "master"
  name = "github.com/bitrise-io/go-utils"
  packages = ["colorstring","command","command/git","command/rubyscript","errorutil","fileutil","log","parseutil","pathutil","pointers","sliceutil"]
  revision = "961320f9011cedf55e1da0578949bf63450a96c0"

[[projects]]
  branch = "master"
  name = "github.com/bitrise-io/goinp"
  packages = ["goinp"]
  revision = "f451b19ba4d087d8272d411ad91af5f4218fd517"

[[projects]]
  name = "github.com/bitrise-io/stepman"
  packages = ["models"]
  revision = "f528959740f424f44e678f4f4e74eebf82fdd582"
  version = "0.9.35"

[[projects]]
  branch = "master"
  name = "github.com/bitrise-tools/go-xcode"
  packages = ["plistutil","xcodeproj"]
  revision = "69c79f6039848745dc3942f8cf1db920264ee1ce"

[[projects]]
  name = "github.com/davecgh/go-spew"
  packages = ["spew"]
  revision = "346938d642f2ec3594ed81d874461961cd0faa76"
  version = "v1.1.0"

[[projects]]
  name = "github.com/pkg/errors"
  packages = ["."]
  revision = "645ef00459ed84a119197bfb8d8205042c6df63d"
  version = "v0.8.0"

[[projects]]
  name = "github.com/pmezard/go-difflib"
  packages = ["difflib"]
  revision = "792786c7400a136282c1664665ae0a8db921c6c2"
  version = "v1.0.0"

[[projects]]
  branch = "master"
  name = "github.com/ryanuber/go-glob"
  packages = ["."]
  revision = "256dc444b735e061061cf46c809487313d5b0065"

[[projects]]
  name = "github.com/stretchr/testify"
  packages = ["assert","require"]
  revision = "69483b4bd14f5845b5a1e55bca19e954e827f1d0"
  version = "v1.1.4"

[[projects]]
  name = "github.com/urfave/cli"
  packages = ["."]
  revision = "cfb38830724cc34fedffe9a2a29fb54fa9169cd1"
  version = "v1.20.0"

[[projects]]
  branch = "master"
  name = "golang.org/x/crypto"
  packages = ["ssh/terminal"]
  revision = "6a293f2d4b14b8e6d3f0539e383f6d0d30fce3fd"

[[projects]]
  branch = "master"
  name = "golang.org/x/sys"
  packages = ["unix","windows"]
  revision = "75813c647272dd855bda156405bf844a5414f5bf"

[[projects]]
  branch = "v2"
  name = "gopkg.in/yaml.v2"
  packages = ["."]
  revision = "eb3733d160e74a9c7e442f435eb3bea458e1d19f"

[[projects]]
  branch = "master"
  name = "howett.net/plist"
  packages = ["."]
  revision = "233df3c4f07b0c562da0e8a6fb850681ac49bb90"

[solve-meta]
  analyzer-name = "dep"
  analyzer-version = 1
  inputs-digest = "7ee047aeb8b6ee609c2cd89ee2f06c433727ee1162c7035ce3023a49e2b1317c"
  solver-name = "gps-cdcl"
  solver-version = 1
